
Microsoft Visual Studio Solution File, Format Version 12.00
# Visual Studio Version 16
VisualStudioVersion = 16.0.30406.217
MinimumVisualStudioVersion = 10.0.40219.1
Project("{888888A0-9F3D-457C-B088-3A5042F75D52}") = "B25_py", "B25_py\B25_py.pyproj", "{EEF46C92-3B9F-41AD-A991-DA410176F875}"
EndProject
Global
	GlobalSection(SolutionConfigurationPlatforms) = preSolution
		Debug|Any CPU = Debug|Any CPU
		Release|Any CPU = Release|Any CPU
	EndGlobalSection
	GlobalSection(ProjectConfigurationPlatforms) = postSolution
		{EEF46C92-3B9F-41AD-A991-DA410176F875}.Debug|Any CPU.ActiveCfg = Debug|Any CPU
		{EEF46C92-3B9F-41AD-A991-DA410176F875}.Release|Any CPU.ActiveCfg = Release|Any CPU
	EndGlobalSection
	GlobalSection(SolutionProperties) = preSolution
		HideSolutionNode = FALSE
	EndGlobalSection
	GlobalSection(ExtensibilityGlobals) = postSolution
		SolutionGuid = {92E7D13E-7F78-45DE-8670-AE654D584891}
	EndGlobalSection
EndGlobal
